// !$*UTF8*$!
{
	archiveVersion = 1;
	classes = {
	};
	objectVersion = 48;
	objects = {

/* Begin PBXBuildFile section */
		F22965B71FE06A7800A836DB /* PhotoIdentificationViewController.swift in Sources */ = {isa = PBXBuildFile; fileRef = F22965B61FE06A7800A836DB /* PhotoIdentificationViewController.swift */; };
		F22965B91FE06AB400A836DB /* PhotoDetailsViewController.swift in Sources */ = {isa = PBXBuildFile; fileRef = F22965B81FE06AB400A836DB /* PhotoDetailsViewController.swift */; };
		F22965BB1FE06AD900A836DB /* SearchTimelineViewController.swift in Sources */ = {isa = PBXBuildFile; fileRef = F22965BA1FE06AD900A836DB /* SearchTimelineViewController.swift */; };
		F22965BD1FE06AEE00A836DB /* SafariViewController.swift in Sources */ = {isa = PBXBuildFile; fileRef = F22965BC1FE06AEE00A836DB /* SafariViewController.swift */; };
		F22965C81FE06E1200A836DB /* FavoritePhotosTableViewController.swift in Sources */ = {isa = PBXBuildFile; fileRef = F22965C71FE06E1200A836DB /* FavoritePhotosTableViewController.swift */; };
		F22965CA1FE06E3700A836DB /* WikipediaAPIManager.swift in Sources */ = {isa = PBXBuildFile; fileRef = F22965C91FE06E3700A836DB /* WikipediaAPIManager.swift */; };
		F22965CC1FE06E4900A836DB /* GoogleVisionAPIManager.swift in Sources */ = {isa = PBXBuildFile; fileRef = F22965CB1FE06E4900A836DB /* GoogleVisionAPIManager.swift */; };
		F22965CE1FE06E5800A836DB /* PersistanceManager.swift in Sources */ = {isa = PBXBuildFile; fileRef = F22965CD1FE06E5800A836DB /* PersistanceManager.swift */; };
		F22965D61FE0AFB700A836DB /* GoogleVisionResults.swift in Sources */ = {isa = PBXBuildFile; fileRef = F22965D51FE0AFB700A836DB /* GoogleVisionResults.swift */; };
		F22965DA1FE0B03100A836DB /* WikipediaResult.swift in Sources */ = {isa = PBXBuildFile; fileRef = F22965D91FE0B03100A836DB /* WikipediaResult.swift */; };
		F22965DC1FE0D07400A836DB /* Codable.swift in Sources */ = {isa = PBXBuildFile; fileRef = F22965DB1FE0D07400A836DB /* Codable.swift */; };
		F22965E21FE12B7800A836DB /* ResultTableViewCell.swift in Sources */ = {isa = PBXBuildFile; fileRef = F22965E11FE12B7800A836DB /* ResultTableViewCell.swift */; };
		F2F0FA141FBA5A3C00FB7A15 /* AppDelegate.swift in Sources */ = {isa = PBXBuildFile; fileRef = F2F0FA131FBA5A3C00FB7A15 /* AppDelegate.swift */; };
		F2F0FA161FBA5A3C00FB7A15 /* MenuViewController.swift in Sources */ = {isa = PBXBuildFile; fileRef = F2F0FA151FBA5A3C00FB7A15 /* MenuViewController.swift */; };
		F2F0FA191FBA5A3C00FB7A15 /* Main.storyboard in Resources */ = {isa = PBXBuildFile; fileRef = F2F0FA171FBA5A3C00FB7A15 /* Main.storyboard */; };
		F2F0FA1B1FBA5A3C00FB7A15 /* Assets.xcassets in Resources */ = {isa = PBXBuildFile; fileRef = F2F0FA1A1FBA5A3C00FB7A15 /* Assets.xcassets */; };
		F2F0FA1E1FBA5A3C00FB7A15 /* LaunchScreen.storyboard in Resources */ = {isa = PBXBuildFile; fileRef = F2F0FA1C1FBA5A3C00FB7A15 /* LaunchScreen.storyboard */; };
/* End PBXBuildFile section */

/* Begin PBXFileReference section */
		F22965B61FE06A7800A836DB /* PhotoIdentificationViewController.swift */ = {isa = PBXFileReference; lastKnownFileType = sourcecode.swift; path = PhotoIdentificationViewController.swift; sourceTree = "<group>"; };
		F22965B81FE06AB400A836DB /* PhotoDetailsViewController.swift */ = {isa = PBXFileReference; lastKnownFileType = sourcecode.swift; path = PhotoDetailsViewController.swift; sourceTree = "<group>"; };
		F22965BA1FE06AD900A836DB /* SearchTimelineViewController.swift */ = {isa = PBXFileReference; lastKnownFileType = sourcecode.swift; path = SearchTimelineViewController.swift; sourceTree = "<group>"; };
		F22965BC1FE06AEE00A836DB /* SafariViewController.swift */ = {isa = PBXFileReference; lastKnownFileType = sourcecode.swift; path = SafariViewController.swift; sourceTree = "<group>"; };
		F22965C71FE06E1200A836DB /* FavoritePhotosTableViewController.swift */ = {isa = PBXFileReference; lastKnownFileType = sourcecode.swift; path = FavoritePhotosTableViewController.swift; sourceTree = "<group>"; };
		F22965C91FE06E3700A836DB /* WikipediaAPIManager.swift */ = {isa = PBXFileReference; lastKnownFileType = sourcecode.swift; path = WikipediaAPIManager.swift; sourceTree = "<group>"; };
		F22965CB1FE06E4900A836DB /* GoogleVisionAPIManager.swift */ = {isa = PBXFileReference; lastKnownFileType = sourcecode.swift; path = GoogleVisionAPIManager.swift; sourceTree = "<group>"; };
		F22965CD1FE06E5800A836DB /* PersistanceManager.swift */ = {isa = PBXFileReference; lastKnownFileType = sourcecode.swift; path = PersistanceManager.swift; sourceTree = "<group>"; };
		F22965D51FE0AFB700A836DB /* GoogleVisionResults.swift */ = {isa = PBXFileReference; lastKnownFileType = sourcecode.swift; path = GoogleVisionResults.swift; sourceTree = "<group>"; };
		F22965D91FE0B03100A836DB /* WikipediaResult.swift */ = {isa = PBXFileReference; lastKnownFileType = sourcecode.swift; path = WikipediaResult.swift; sourceTree = "<group>"; };
		F22965DB1FE0D07400A836DB /* Codable.swift */ = {isa = PBXFileReference; lastKnownFileType = sourcecode.swift; path = Codable.swift; sourceTree = "<group>"; };
		F22965E11FE12B7800A836DB /* ResultTableViewCell.swift */ = {isa = PBXFileReference; lastKnownFileType = sourcecode.swift; path = ResultTableViewCell.swift; sourceTree = "<group>"; };
		F2F0FA101FBA5A3C00FB7A15 /* whats-that-RuobingL.app */ = {isa = PBXFileReference; explicitFileType = wrapper.application; includeInIndex = 0; path = "whats-that-RuobingL.app"; sourceTree = BUILT_PRODUCTS_DIR; };
		F2F0FA131FBA5A3C00FB7A15 /* AppDelegate.swift */ = {isa = PBXFileReference; lastKnownFileType = sourcecode.swift; path = AppDelegate.swift; sourceTree = "<group>"; };
		F2F0FA151FBA5A3C00FB7A15 /* MenuViewController.swift */ = {isa = PBXFileReference; lastKnownFileType = sourcecode.swift; path = MenuViewController.swift; sourceTree = "<group>"; };
		F2F0FA181FBA5A3C00FB7A15 /* Base */ = {isa = PBXFileReference; lastKnownFileType = file.storyboard; name = Base; path = Base.lproj/Main.storyboard; sourceTree = "<group>"; };
		F2F0FA1A1FBA5A3C00FB7A15 /* Assets.xcassets */ = {isa = PBXFileReference; lastKnownFileType = folder.assetcatalog; path = Assets.xcassets; sourceTree = "<group>"; };
		F2F0FA1D1FBA5A3C00FB7A15 /* Base */ = {isa = PBXFileReference; lastKnownFileType = file.storyboard; name = Base; path = Base.lproj/LaunchScreen.storyboard; sourceTree = "<group>"; };
		F2F0FA1F1FBA5A3C00FB7A15 /* Info.plist */ = {isa = PBXFileReference; lastKnownFileType = text.plist.xml; path = Info.plist; sourceTree = "<group>"; };
/* End PBXFileReference section */

/* Begin PBXFrameworksBuildPhase section */
		F2F0FA0D1FBA5A3B00FB7A15 /* Frameworks */ = {
			isa = PBXFrameworksBuildPhase;
			buildActionMask = 2147483647;
			files = (
			);
			runOnlyForDeploymentPostprocessing = 0;
		};
/* End PBXFrameworksBuildPhase section */

/* Begin PBXGroup section */
		F22965B51FE06A3600A836DB /* view controllers */ = {
			isa = PBXGroup;
			children = (
				F2F0FA151FBA5A3C00FB7A15 /* MenuViewController.swift */,
				F22965B61FE06A7800A836DB /* PhotoIdentificationViewController.swift */,
				F22965B81FE06AB400A836DB /* PhotoDetailsViewController.swift */,
				F22965BA1FE06AD900A836DB /* SearchTimelineViewController.swift */,
				F22965BC1FE06AEE00A836DB /* SafariViewController.swift */,
				F22965C71FE06E1200A836DB /* FavoritePhotosTableViewController.swift */,
			);
			path = "view controllers";
			sourceTree = "<group>";
		};
		F22965C01FE06CD100A836DB /* views */ = {
			isa = PBXGroup;
			children = (
				F2F0FA1A1FBA5A3C00FB7A15 /* Assets.xcassets */,
				F2F0FA1C1FBA5A3C00FB7A15 /* LaunchScreen.storyboard */,
				F2F0FA171FBA5A3C00FB7A15 /* Main.storyboard */,
				F22965E11FE12B7800A836DB /* ResultTableViewCell.swift */,
			);
			path = views;
			sourceTree = "<group>";
		};
		F22965C11FE06CEC00A836DB /* utils */ = {
			isa = PBXGroup;
			children = (
				F22965C91FE06E3700A836DB /* WikipediaAPIManager.swift */,
				F22965CB1FE06E4900A836DB /* GoogleVisionAPIManager.swift */,
				F22965CD1FE06E5800A836DB /* PersistanceManager.swift */,
			);
			path = utils;
			sourceTree = "<group>";
		};
		F22965C21FE06D2700A836DB /* models */ = {
			isa = PBXGroup;
			children = (
				F22965DB1FE0D07400A836DB /* Codable.swift */,
				F22965D51FE0AFB700A836DB /* GoogleVisionResults.swift */,
				F22965D91FE0B03100A836DB /* WikipediaResult.swift */,
			);
			path = models;
			sourceTree = "<group>";
		};
		F2F0FA071FBA5A3B00FB7A15 = {
			isa = PBXGroup;
			children = (
				F2F0FA121FBA5A3C00FB7A15 /* whats-that-RuobingL */,
				F2F0FA111FBA5A3C00FB7A15 /* Products */,
			);
			sourceTree = "<group>";
		};
		F2F0FA111FBA5A3C00FB7A15 /* Products */ = {
			isa = PBXGroup;
			children = (
				F2F0FA101FBA5A3C00FB7A15 /* whats-that-RuobingL.app */,
			);
			name = Products;
			sourceTree = "<group>";
		};
		F2F0FA121FBA5A3C00FB7A15 /* whats-that-RuobingL */ = {
			isa = PBXGroup;
			children = (
				F22965C21FE06D2700A836DB /* models */,
				F2F0FA131FBA5A3C00FB7A15 /* AppDelegate.swift */,
				F22965B51FE06A3600A836DB /* view controllers */,
				F22965C01FE06CD100A836DB /* views */,
				F22965C11FE06CEC00A836DB /* utils */,
				F2F0FA1F1FBA5A3C00FB7A15 /* Info.plist */,
			);
			path = "whats-that-RuobingL";
			sourceTree = "<group>";
		};
/* End PBXGroup section */

/* Begin PBXNativeTarget section */
		F2F0FA0F1FBA5A3B00FB7A15 /* whats-that-RuobingL */ = {
			isa = PBXNativeTarget;
			buildConfigurationList = F2F0FA221FBA5A3C00FB7A15 /* Build configuration list for PBXNativeTarget "whats-that-RuobingL" */;
			buildPhases = (
				F2F0FA0C1FBA5A3B00FB7A15 /* Sources */,
				F2F0FA0D1FBA5A3B00FB7A15 /* Frameworks */,
				F2F0FA0E1FBA5A3B00FB7A15 /* Resources */,
			);
			buildRules = (
			);
			dependencies = (
			);
			name = "whats-that-RuobingL";
			productName = "whats-that-RuobingL";
			productReference = F2F0FA101FBA5A3C00FB7A15 /* whats-that-RuobingL.app */;
			productType = "com.apple.product-type.application";
		};
/* End PBXNativeTarget section */

/* Begin PBXProject section */
		F2F0FA081FBA5A3B00FB7A15 /* Project object */ = {
			isa = PBXProject;
			attributes = {
				LastSwiftUpdateCheck = 0900;
				LastUpgradeCheck = 0900;
				ORGANIZATIONNAME = "Ruobing Lyu";
				TargetAttributes = {
					F2F0FA0F1FBA5A3B00FB7A15 = {
						CreatedOnToolsVersion = 9.0;
						ProvisioningStyle = Automatic;
					};
				};
			};
			buildConfigurationList = F2F0FA0B1FBA5A3B00FB7A15 /* Build configuration list for PBXProject "whats-that-RuobingL" */;
			compatibilityVersion = "Xcode 8.0";
			developmentRegion = en;
			hasScannedForEncodings = 0;
			knownRegions = (
				en,
				Base,
			);
			mainGroup = F2F0FA071FBA5A3B00FB7A15;
			productRefGroup = F2F0FA111FBA5A3C00FB7A15 /* Products */;
			projectDirPath = "";
			projectRoot = "";
			targets = (
				F2F0FA0F1FBA5A3B00FB7A15 /* whats-that-RuobingL */,
			);
		};
/* End PBXProject section */

/* Begin PBXResourcesBuildPhase section */
		F2F0FA0E1FBA5A3B00FB7A15 /* Resources */ = {
			isa = PBXResourcesBuildPhase;
			buildActionMask = 2147483647;
			files = (
				F2F0FA1E1FBA5A3C00FB7A15 /* LaunchScreen.storyboard in Resources */,
				F2F0FA1B1FBA5A3C00FB7A15 /* Assets.xcassets in Resources */,
				F2F0FA191FBA5A3C00FB7A15 /* Main.storyboard in Resources */,
			);
			runOnlyForDeploymentPostprocessing = 0;
		};
/* End PBXResourcesBuildPhase section */

/* Begin PBXSourcesBuildPhase section */
		F2F0FA0C1FBA5A3B00FB7A15 /* Sources */ = {
			isa = PBXSourcesBuildPhase;
			buildActionMask = 2147483647;
			files = (
				F22965B91FE06AB400A836DB /* PhotoDetailsViewController.swift in Sources */,
				F2F0FA161FBA5A3C00FB7A15 /* MenuViewController.swift in Sources */,
				F22965CE1FE06E5800A836DB /* PersistanceManager.swift in Sources */,
				F22965C81FE06E1200A836DB /* FavoritePhotosTableViewController.swift in Sources */,
				F22965DC1FE0D07400A836DB /* Codable.swift in Sources */,
				F22965B71FE06A7800A836DB /* PhotoIdentificationViewController.swift in Sources */,
				F2F0FA141FBA5A3C00FB7A15 /* AppDelegate.swift in Sources */,
				F22965BD1FE06AEE00A836DB /* SafariViewController.swift in Sources */,
				F22965DA1FE0B03100A836DB /* WikipediaResult.swift in Sources */,
				F22965BB1FE06AD900A836DB /* SearchTimelineViewController.swift in Sources */,
				F22965CC1FE06E4900A836DB /* GoogleVisionAPIManager.swift in Sources */,
				F22965CA1FE06E3700A836DB /* WikipediaAPIManager.swift in Sources */,
				F22965E21FE12B7800A836DB /* ResultTableViewCell.swift in Sources */,
				F22965D61FE0AFB700A836DB /* GoogleVisionResults.swift in Sources */,
			);
			runOnlyForDeploymentPostprocessing = 0;
		};
/* End PBXSourcesBuildPhase section */

/* Begin PBXVariantGroup section */
		F2F0FA171FBA5A3C00FB7A15 /* Main.storyboard */ = {
			isa = PBXVariantGroup;
			children = (
				F2F0FA181FBA5A3C00FB7A15 /* Base */,
			);
			name = Main.storyboard;
			sourceTree = "<group>";
		};
		F2F0FA1C1FBA5A3C00FB7A15 /* LaunchScreen.storyboard */ = {
			isa = PBXVariantGroup;
			children = (
				F2F0FA1D1FBA5A3C00FB7A15 /* Base */,
			);
			name = LaunchScreen.storyboard;
			sourceTree = "<group>";
		};
/* End PBXVariantGroup section */

/* Begin XCBuildConfiguration section */
		F2F0FA201FBA5A3C00FB7A15 /* Debug */ = {
			isa = XCBuildConfiguration;
			buildSettings = {
				ALWAYS_SEARCH_USER_PATHS = NO;
				CLANG_ANALYZER_NONNULL = YES;
				CLANG_ANALYZER_NUMBER_OBJECT_CONVERSION = YES_AGGRESSIVE;
				CLANG_CXX_LANGUAGE_STANDARD = "gnu++14";
				CLANG_CXX_LIBRARY = "libc++";
				CLANG_ENABLE_MODULES = YES;
				CLANG_ENABLE_OBJC_ARC = YES;
				CLANG_WARN_BLOCK_CAPTURE_AUTORELEASING = YES;
				CLANG_WARN_BOOL_CONVERSION = YES;
				CLANG_WARN_COMMA = YES;
				CLANG_WARN_CONSTANT_CONVERSION = YES;
				CLANG_WARN_DIRECT_OBJC_ISA_USAGE = YES_ERROR;
				CLANG_WARN_DOCUMENTATION_COMMENTS = YES;
				CLANG_WARN_EMPTY_BODY = YES;
				CLANG_WARN_ENUM_CONVERSION = YES;
				CLANG_WARN_INFINITE_RECURSION = YES;
				CLANG_WARN_INT_CONVERSION = YES;
				CLANG_WARN_NON_LITERAL_NULL_CONVERSION = YES;
				CLANG_WARN_OBJC_LITERAL_CONVERSION = YES;
				CLANG_WARN_OBJC_ROOT_CLASS = YES_ERROR;
				CLANG_WARN_RANGE_LOOP_ANALYSIS = YES;
				CLANG_WARN_STRICT_PROTOTYPES = YES;
				CLANG_WARN_SUSPICIOUS_MOVE = YES;
				CLANG_WARN_UNGUARDED_AVAILABILITY = YES_AGGRESSIVE;
				CLANG_WARN_UNREACHABLE_CODE = YES;
				CLANG_WARN__DUPLICATE_METHOD_MATCH = YES;
				CODE_SIGN_IDENTITY = "iPhone Developer";
				COPY_PHASE_STRIP = NO;
				DEBUG_INFORMATION_FORMAT = dwarf;
				ENABLE_STRICT_OBJC_MSGSEND = YES;
				ENABLE_TESTABILITY = YES;
				GCC_C_LANGUAGE_STANDARD = gnu11;
				GCC_DYNAMIC_NO_PIC = NO;
				GCC_NO_COMMON_BLOCKS = YES;
				GCC_OPTIMIZATION_LEVEL = 0;
				GCC_PREPROCESSOR_DEFINITIONS = (
					"DEBUG=1",
					"$(inherited)",
				);
				GCC_WARN_64_TO_32_BIT_CONVERSION = YES;
				GCC_WARN_ABOUT_RETURN_TYPE = YES_ERROR;
				GCC_WARN_UNDECLARED_SELECTOR = YES;
				GCC_WARN_UNINITIALIZED_AUTOS = YES_AGGRESSIVE;
				GCC_WARN_UNUSED_FUNCTION = YES;
				GCC_WARN_UNUSED_VARIABLE = YES;
				IPHONEOS_DEPLOYMENT_TARGET = 11.0;
				MTL_ENABLE_DEBUG_INFO = YES;
				ONLY_ACTIVE_ARCH = YES;
				SDKROOT = iphoneos;
				SWIFT_ACTIVE_COMPILATION_CONDITIONS = DEBUG;
				SWIFT_OPTIMIZATION_LEVEL = "-Onone";
			};
			name = Debug;
		};
		F2F0FA211FBA5A3C00FB7A15 /* Release */ = {
			isa = XCBuildConfiguration;
			buildSettings = {
				ALWAYS_SEARCH_USER_PATHS = NO;
				CLANG_ANALYZER_NONNULL = YES;
				CLANG_ANALYZER_NUMBER_OBJECT_CONVERSION = YES_AGGRESSIVE;
				CLANG_CXX_LANGUAGE_STANDARD = "gnu++14";
				CLANG_CXX_LIBRARY = "libc++";
				CLANG_ENABLE_MODULES = YES;
				CLANG_ENABLE_OBJC_ARC = YES;
				CLANG_WARN_BLOCK_CAPTURE_AUTORELEASING = YES;
				CLANG_WARN_BOOL_CONVERSION = YES;
				CLANG_WARN_COMMA = YES;
				CLANG_WARN_CONSTANT_CONVERSION = YES;
				CLANG_WARN_DIRECT_OBJC_ISA_USAGE = YES_ERROR;
				CLANG_WARN_DOCUMENTATION_COMMENTS = YES;
				CLANG_WARN_EMPTY_BODY = YES;
				CLANG_WARN_ENUM_CONVERSION = YES;
				CLANG_WARN_INFINITE_RECURSION = YES;
				CLANG_WARN_INT_CONVERSION = YES;
				CLANG_WARN_NON_LITERAL_NULL_CONVERSION = YES;
				CLANG_WARN_OBJC_LITERAL_CONVERSION = YES;
				CLANG_WARN_OBJC_ROOT_CLASS = YES_ERROR;
				CLANG_WARN_RANGE_LOOP_ANALYSIS = YES;
				CLANG_WARN_STRICT_PROTOTYPES = YES;
				CLANG_WARN_SUSPICIOUS_MOVE = YES;
				CLANG_WARN_UNGUARDED_AVAILABILITY = YES_AGGRESSIVE;
				CLANG_WARN_UNREACHABLE_CODE = YES;
				CLANG_WARN__DUPLICATE_METHOD_MATCH = YES;
				CODE_SIGN_IDENTITY = "iPhone Developer";
				COPY_PHASE_STRIP = NO;
				DEBUG_INFORMATION_FORMAT = "dwarf-with-dsym";
				ENABLE_NS_ASSERTIONS = NO;
				ENABLE_STRICT_OBJC_MSGSEND = YES;
				GCC_C_LANGUAGE_STANDARD = gnu11;
				GCC_NO_COMMON_BLOCKS = YES;
				GCC_WARN_64_TO_32_BIT_CONVERSION = YES;
				GCC_WARN_ABOUT_RETURN_TYPE = YES_ERROR;
				GCC_WARN_UNDECLARED_SELECTOR = YES;
				GCC_WARN_UNINITIALIZED_AUTOS = YES_AGGRESSIVE;
				GCC_WARN_UNUSED_FUNCTION = YES;
				GCC_WARN_UNUSED_VARIABLE = YES;
				IPHONEOS_DEPLOYMENT_TARGET = 11.0;
				MTL_ENABLE_DEBUG_INFO = NO;
				SDKROOT = iphoneos;
				SWIFT_OPTIMIZATION_LEVEL = "-Owholemodule";
				VALIDATE_PRODUCT = YES;
			};
			name = Release;
		};
		F2F0FA231FBA5A3C00FB7A15 /* Debug */ = {
			isa = XCBuildConfiguration;
			buildSettings = {
				ASSETCATALOG_COMPILER_APPICON_NAME = AppIcon;
				CODE_SIGN_STYLE = Automatic;
				INFOPLIST_FILE = "whats-that-RuobingL/Info.plist";
				LD_RUNPATH_SEARCH_PATHS = "$(inherited) @executable_path/Frameworks";
				PRODUCT_BUNDLE_IDENTIFIER = "com.lrb621.whats-that-RuobingL";
				PRODUCT_NAME = "$(TARGET_NAME)";
				SWIFT_VERSION = 4.0;
				TARGETED_DEVICE_FAMILY = "1,2";
			};
			name = Debug;
		};
		F2F0FA241FBA5A3C00FB7A15 /* Release */ = {
			isa = XCBuildConfiguration;
			buildSettings = {
				ASSETCATALOG_COMPILER_APPICON_NAME = AppIcon;
				CODE_SIGN_STYLE = Automatic;
				INFOPLIST_FILE = "whats-that-RuobingL/Info.plist";
				LD_RUNPATH_SEARCH_PATHS = "$(inherited) @executable_path/Frameworks";
				PRODUCT_BUNDLE_IDENTIFIER = "com.lrb621.whats-that-RuobingL";
				PRODUCT_NAME = "$(TARGET_NAME)";
				SWIFT_VERSION = 4.0;
				TARGETED_DEVICE_FAMILY = "1,2";
			};
			name = Release;
		};
/* End XCBuildConfiguration section */

/* Begin XCConfigurationList section */
		F2F0FA0B1FBA5A3B00FB7A15 /* Build configuration list for PBXProject "whats-that-RuobingL" */ = {
			isa = XCConfigurationList;
			buildConfigurations = (
				F2F0FA201FBA5A3C00FB7A15 /* Debug */,
				F2F0FA211FBA5A3C00FB7A15 /* Release */,
			);
			defaultConfigurationIsVisible = 0;
			defaultConfigurationName = Release;
		};
		F2F0FA221FBA5A3C00FB7A15 /* Build configuration list for PBXNativeTarget "whats-that-RuobingL" */ = {
			isa = XCConfigurationList;
			buildConfigurations = (
				F2F0FA231FBA5A3C00FB7A15 /* Debug */,
				F2F0FA241FBA5A3C00FB7A15 /* Release */,
			);
			defaultConfigurationIsVisible = 0;
			defaultConfigurationName = Release;
		};
/* End XCConfigurationList section */
	};
	rootObject = F2F0FA081FBA5A3B00FB7A15 /* Project object */;
}
